
Microsoft Visual Studio Solution File, Format Version 12.00
# Visual Studio Version 16
VisualStudioVersion = 16.0.30717.126
MinimumVisualStudioVersion = 10.0.40219.1
Project("{2150E333-8FDC-42A3-9474-1A3956D46DE8}") = "src", "src", "{438EA44D-4556-4FF1-8E11-0461D4D5C95F}"
EndProject
Project("{2150E333-8FDC-42A3-9474-1A3956D46DE8}") = "tests", "tests", "{5E94DB2B-0FD4-4F96-884C-848322BC4B46}"
EndProject
Project("{9A19103F-16F7-4668-BE54-9A1E7A4F7556}") = "Hermes.WebClient.Client.Client", "src\Hermes.WebClient.Client\Client\Hermes.WebClient.Client.Client.csproj", "{2134F7EC-9F61-4B1E-B437-8B4DB57DF7BE}"
EndProject
Global
	GlobalSection(SolutionConfigurationPlatforms) = preSolution
		Debug|Any CPU = Debug|Any CPU
		Release|Any CPU = Release|Any CPU
	EndGlobalSection
	GlobalSection(ProjectConfigurationPlatforms) = postSolution
		{2134F7EC-9F61-4B1E-B437-8B4DB57DF7BE}.Debug|Any CPU.ActiveCfg = Debug|Any CPU
		{2134F7EC-9F61-4B1E-B437-8B4DB57DF7BE}.Debug|Any CPU.Build.0 = Debug|Any CPU
		{2134F7EC-9F61-4B1E-B437-8B4DB57DF7BE}.Release|Any CPU.ActiveCfg = Release|Any CPU
		{2134F7EC-9F61-4B1E-B437-8B4DB57DF7BE}.Release|Any CPU.Build.0 = Release|Any CPU
	EndGlobalSection
	GlobalSection(SolutionProperties) = preSolution
		HideSolutionNode = FALSE
	EndGlobalSection
	GlobalSection(NestedProjects) = preSolution
		{2134F7EC-9F61-4B1E-B437-8B4DB57DF7BE} = {438EA44D-4556-4FF1-8E11-0461D4D5C95F}
	EndGlobalSection
	GlobalSection(ExtensibilityGlobals) = postSolution
		SolutionGuid = {841AD4F8-16BF-46AE-98F6-B81D56EBBFAF}
	EndGlobalSection
EndGlobal
